
Microsoft Visual Studio Solution File, Format Version 12.00
# Visual Studio Version 16
VisualStudioVersion = 16.0.30114.105
MinimumVisualStudioVersion = 10.0.40219.1
Project("{FAE04EC0-301F-11D3-BF4B-00C04F79EFBC}") = "BrewCoffee", "BrewCoffee\BrewCoffee.csproj", "{1BA1AE64-9421-4E62-A42B-BDB0982098B6}"
EndProject
Project("{FAE04EC0-301F-11D3-BF4B-00C04F79EFBC}") = "BrewCoffee.Tests", "BrewCoffee.Tests\BrewCoffee.Tests.csproj", "{596EE4A3-C0A6-4B18-99CD-5937D75B6C23}"
EndProject
Project("{FAE04EC0-301F-11D3-BF4B-00C04F79EFBC}") = "BrewCoffee.Xunit.Tests", "BrewCoffee.Xunit.Tests\BrewCoffee.Xunit.Tests.csproj", "{9DC42EBD-1DBF-4944-B7D8-AF559DAB07DC}"
EndProject
Global
	GlobalSection(SolutionConfigurationPlatforms) = preSolution
		Debug|Any CPU = Debug|Any CPU
		Release|Any CPU = Release|Any CPU
	EndGlobalSection
	GlobalSection(SolutionProperties) = preSolution
		HideSolutionNode = FALSE
	EndGlobalSection
	GlobalSection(ProjectConfigurationPlatforms) = postSolution
		{1BA1AE64-9421-4E62-A42B-BDB0982098B6}.Debug|Any CPU.ActiveCfg = Debug|Any CPU
		{1BA1AE64-9421-4E62-A42B-BDB0982098B6}.Debug|Any CPU.Build.0 = Debug|Any CPU
		{1BA1AE64-9421-4E62-A42B-BDB0982098B6}.Release|Any CPU.ActiveCfg = Release|Any CPU
		{1BA1AE64-9421-4E62-A42B-BDB0982098B6}.Release|Any CPU.Build.0 = Release|Any CPU
		{596EE4A3-C0A6-4B18-99CD-5937D75B6C23}.Debug|Any CPU.ActiveCfg = Debug|Any CPU
		{596EE4A3-C0A6-4B18-99CD-5937D75B6C23}.Debug|Any CPU.Build.0 = Debug|Any CPU
		{596EE4A3-C0A6-4B18-99CD-5937D75B6C23}.Release|Any CPU.ActiveCfg = Release|Any CPU
		{596EE4A3-C0A6-4B18-99CD-5937D75B6C23}.Release|Any CPU.Build.0 = Release|Any CPU
		{9DC42EBD-1DBF-4944-B7D8-AF559DAB07DC}.Debug|Any CPU.ActiveCfg = Debug|Any CPU
		{9DC42EBD-1DBF-4944-B7D8-AF559DAB07DC}.Debug|Any CPU.Build.0 = Debug|Any CPU
		{9DC42EBD-1DBF-4944-B7D8-AF559DAB07DC}.Release|Any CPU.ActiveCfg = Release|Any CPU
		{9DC42EBD-1DBF-4944-B7D8-AF559DAB07DC}.Release|Any CPU.Build.0 = Release|Any CPU
	EndGlobalSection
EndGlobal
